
Microsoft Visual Studio Solution File, Format Version 11.00
# Visual Studio 2010
Project("{FAE04EC0-301F-11D3-BF4B-00C04F79EFBC}") = "Ghost-Fight", "Assembly-CSharp.csproj", "{DE770CDF-AFB0-E17F-2A22-ECC80DCF7AAE}"
EndProject
Global
	GlobalSection(SolutionConfigurationPlatforms) = preSolution
		Debug|Any CPU = Debug|Any CPU
		Release|Any CPU = Release|Any CPU
	EndGlobalSection
	GlobalSection(ProjectConfigurationPlatforms) = postSolution
		{DE770CDF-AFB0-E17F-2A22-ECC80DCF7AAE}.Debug|Any CPU.ActiveCfg = Debug|Any CPU
		{DE770CDF-AFB0-E17F-2A22-ECC80DCF7AAE}.Debug|Any CPU.Build.0 = Debug|Any CPU
		{DE770CDF-AFB0-E17F-2A22-ECC80DCF7AAE}.Release|Any CPU.ActiveCfg = Release|Any CPU
		{DE770CDF-AFB0-E17F-2A22-ECC80DCF7AAE}.Release|Any CPU.Build.0 = Release|Any CPU
	EndGlobalSection
	GlobalSection(SolutionProperties) = preSolution
		HideSolutionNode = FALSE
	EndGlobalSection
	GlobalSection(MonoDevelopProperties) = preSolution
		StartupItem = Assembly-CSharp.csproj
	EndGlobalSection
EndGlobal
